
Microsoft Visual Studio Solution File, Format Version 12.00
# Visual Studio 15
VisualStudioVersion = 15.0.28010.0
MinimumVisualStudioVersion = 10.0.40219.1
Project("{FAE04EC0-301F-11D3-BF4B-00C04F79EFBC}") = "DataStructures", "DataStructures\DataStructures.csproj", "{34BE6635-0A91-4447-8920-93A848C0684C}"
EndProject
Project("{FAE04EC0-301F-11D3-BF4B-00C04F79EFBC}") = "DataStructures.Tests", "DataStructures.Tests\DataStructures.Tests.csproj", "{F81B89A9-2859-44DB-BA22-CBF9331579A9}"
EndProject
Project("{2150E333-8FDC-42A3-9474-1A3956D46DE8}") = "Solution Items", "Solution Items", "{24CA0A96-EF4A-49CC-8056-B6C56E63D1B7}"
	ProjectSection(SolutionItems) = preProject
		CodeCoverage.png = CodeCoverage.png
		README.md = README.md
	EndProjectSection
EndProject
Global
	GlobalSection(SolutionConfigurationPlatforms) = preSolution
		Debug|Any CPU = Debug|Any CPU
		Release|Any CPU = Release|Any CPU
	EndGlobalSection
	GlobalSection(ProjectConfigurationPlatforms) = postSolution
		{34BE6635-0A91-4447-8920-93A848C0684C}.Debug|Any CPU.ActiveCfg = Debug|Any CPU
		{34BE6635-0A91-4447-8920-93A848C0684C}.Debug|Any CPU.Build.0 = Debug|Any CPU
		{34BE6635-0A91-4447-8920-93A848C0684C}.Release|Any CPU.ActiveCfg = Release|Any CPU
		{34BE6635-0A91-4447-8920-93A848C0684C}.Release|Any CPU.Build.0 = Release|Any CPU
		{F81B89A9-2859-44DB-BA22-CBF9331579A9}.Debug|Any CPU.ActiveCfg = Debug|Any CPU
		{F81B89A9-2859-44DB-BA22-CBF9331579A9}.Debug|Any CPU.Build.0 = Debug|Any CPU
		{F81B89A9-2859-44DB-BA22-CBF9331579A9}.Release|Any CPU.ActiveCfg = Release|Any CPU
		{F81B89A9-2859-44DB-BA22-CBF9331579A9}.Release|Any CPU.Build.0 = Release|Any CPU
	EndGlobalSection
	GlobalSection(SolutionProperties) = preSolution
		HideSolutionNode = FALSE
	EndGlobalSection
	GlobalSection(ExtensibilityGlobals) = postSolution
		SolutionGuid = {019B1824-6DC1-4D96-8EAF-9ED7E490580C}
	EndGlobalSection
EndGlobal
